{
  "lockfileVersion": 2,
  "configVersion": 1,
  "workspaces": {
    "": {
      "name": "neon-spore",
      "devDependencies": {
        "@biomejs/biome": "^2.5.10",
        "@types/bun": "latest",
        "typescript": "^5.7.2",
      },
    },
    "apps/game": {
      "name": "@neon-spore/game",
      "version": "0.0.0",
      "dependencies": {
        "@neon-spore/audio": "workspace:*",
        "@neon-spore/content": "workspace:*",
        "@neon-spore/net": "workspace:*",
        "@neon-spore/render": "workspace:*",
        "@neon-spore/sim": "workspace:*",
      },
    },
    "apps/server": {
      "name": "@neon-spore/server",
      "version": "0.0.0",
      "dependencies": {
        "@neon-spore/net": "workspace:*",
      },
      "devDependencies": {
        "@cloudflare/workers-types": "^4.20250803.0",
      },
    },
    "packages/audio": {
      "name": "@neon-spore/audio",
      "version": "0.0.0",
      "dependencies": {
        "@neon-spore/sim": "workspace:*",
      },
    },
    "packages/content": {
      "name": "@neon-spore/content",
      "version": "0.0.0",
      "dependencies": {
        "@neon-spore/sim": "workspace:*",
      },
    },
    "packages/net": {
      "name": "@neon-spore/net",
      "version": "0.0.0",
      "dependencies": {
        "@neon-spore/sim": "workspace:*",
      },
    },
    "packages/render": {
      "name": "@neon-spore/render",
      "version": "0.0.0",
      "dependencies": {
        "@neon-spore/content": "workspace:*",
        "@neon-spore/sim": "workspace:*",
      },
    },
    "packages/sim": {
      "name": "@neon-spore/sim",
      "version": "0.0.0",
    },
    "tools/delegate": {
      "name": "@neon-spore/delegate",
      "version": "0.0.0",
    },
    "tools/director": {
      "name": "@neon-spore/director",
      "version": "0.0.0",
      "dependencies": {
        "@neon-spore/audio": "workspace:*",
        "@neon-spore/content": "workspace:*",
        "@neon-spore/render": "workspace:*",
        "@neon-spore/shape-sheet": "workspace:*",
        "@neon-spore/sim": "workspace:*",
      },
    },
    "tools/frames": {
      "name": "@neon-spore/frames",
      "version": "0.0.0",
      "dependencies": {
        "@neon-spore/content": "workspace:*",
      },
      "devDependencies": {
        "playwright-core": "^1.62.1",
      },
    },
    "tools/orphans": {
      "name": "@neon-spore/orphans",
      "version": "0.0.0",
      "dependencies": {
        "@neon-spore/content": "workspace:*",
      },
    },
    "tools/raster": {
      "name": "@neon-spore/raster",
      "version": "0.0.0",
      "dependencies": {
        "@neon-spore/frames": "workspace:*",
        "@neon-spore/render": "workspace:*",
      },
      "devDependencies": {
        "playwright-core": "^1.62.1",
      },
    },
    "tools/relay-check": {
      "name": "@neon-spore/relay-check",
      "version": "0.0.0",
      "dependencies": {
        "@neon-spore/content": "workspace:*",
        "@neon-spore/net": "workspace:*",
        "@neon-spore/sim": "workspace:*",
      },
    },
    "tools/shape-sheet": {
      "name": "@neon-spore/shape-sheet",
      "version": "0.0.0",
      "dependencies": {
        "@neon-spore/content": "workspace:*",
        "@neon-spore/sim": "workspace:*",
      },
    },
  },
  "packages": {
    "@biomejs/biome": ["@biomejs/biome@2.5.10", "", { "optionalDependencies": { "@biomejs/cli-darwin-arm64": "2.5.10", "@biomejs/cli-darwin-x64": "2.5.10", "@biomejs/cli-linux-arm64": "2.5.10", "@biomejs/cli-linux-arm64-musl": "2.5.10", "@biomejs/cli-linux-x64": "2.5.10", "@biomejs/cli-linux-x64-musl": "2.5.10", "@biomejs/cli-win32-arm64": "2.5.10", "@biomejs/cli-win32-x64": "2.5.10" }, "bin": { "biome": "bin/biome" } }, "sha512-WRKXARA3kTuiV5sxqTpobJ/I0MVd4vk3pOL6wnp5az4LntFIhWTj1RWZq3DI9PCEN3lXcqy7p5aqUHzvq8AXyQ=="],

    "@biomejs/cli-darwin-arm64": ["@biomejs/cli-darwin-arm64@2.5.10", "", { "os": "darwin", "cpu": "arm64" }, "sha512-ItCrxKK6SXVT6flYs0qIuBd4AA3TTTl4d66Re6YI2FuGZnN85NmuYNzkiTJUyYw8qBLv69L5zTUB6uyWd++h3Q=="],

    "@biomejs/cli-darwin-x64": ["@biomejs/cli-darwin-x64@2.5.10", "", { "os": "darwin", "cpu": "x64" }, "sha512-yLsPU9pAmtChXDu8vhKAzErqe+LeeYuwuUB2FZMkRitsmdodxsYRa9KHrFispsUHzzOu+9HB3nP/TQxyia+Sjw=="],

    "@biomejs/cli-linux-arm64": ["@biomejs/cli-linux-arm64@2.5.10", "", { "os": "linux", "cpu": "arm64" }, "sha512-VG8uQW/86a1roLaIFvtIbEigxIdzdJ190oGyg1tV7VYeQtOS+x10sflk7WbuXgw91EtZX5DlIIIej1YqkNLlcg=="],

    "@biomejs/cli-linux-arm64-musl": ["@biomejs/cli-linux-arm64-musl@2.5.10", "", { "os": "linux", "cpu": "arm64" }, "sha512-t1QAKZwQJRB4dvgJSgFiQ4BNfNPChg69BNonz854qLVxnjT3UvDzQg9mbkTJRu35ZqU0Rw10A73J8Urgbg2RPw=="],

    "@biomejs/cli-linux-x64": ["@biomejs/cli-linux-x64@2.5.10", "", { "os": "linux", "cpu": "x64" }, "sha512-4O6T0eq2heoHZN0a9UX+rWQoxXEBaKf+lRi2hbsGlHneUz9BWXM76nEWMK7Eeq8gzMxR1khQB6BFpAASpeXqGg=="],

    "@biomejs/cli-linux-x64-musl": ["@biomejs/cli-linux-x64-musl@2.5.10", "", { "os": "linux", "cpu": "x64" }, "sha512-pgDDqp9JybHm2I0KRgzN6i4+lt8xu4iqxUwLzglUMmOmyRTU1AYBGKzh9sNMOtIjah7xoWvKHlLVetvyifzoiQ=="],

    "@biomejs/cli-win32-arm64": ["@biomejs/cli-win32-arm64@2.5.10", "", { "os": "win32", "cpu": "arm64" }, "sha512-pxAbxduPO4xq/Cvgaa2lOrs9BB0hEXmmDqfMNP4ZOffGOkUrD1/QGw9UAMpFQpX2P8MqTIIRuQKcmetum4Oa6A=="],

    "@biomejs/cli-win32-x64": ["@biomejs/cli-win32-x64@2.5.10", "", { "os": "win32", "cpu": "x64" }, "sha512-M+2dgBsl3lXRiTfgPVc2p3anS4Tocojke4rzFLScZ2Y/wmF+36dRb1iHCLiyGqOzQGyTplZH1HnEYviiAqi3nA=="],

    "@cloudflare/workers-types": ["@cloudflare/workers-types@4.20260702.1", "", {}, "sha512-mOhf5TUEB1m2vPrxtqoIGfz0fUC9xyxRDx5gWHy5s+OCo6dcV+g7wI1R7gYCMFohhqF/2y2xeKVwMwCJjfn/WA=="],

    "@neon-spore/audio": ["@neon-spore/audio@workspace:packages/audio"],

    "@neon-spore/content": ["@neon-spore/content@workspace:packages/content"],

    "@neon-spore/delegate": ["@neon-spore/delegate@workspace:tools/delegate"],

    "@neon-spore/director": ["@neon-spore/director@workspace:tools/director"],

    "@neon-spore/frames": ["@neon-spore/frames@workspace:tools/frames"],

    "@neon-spore/game": ["@neon-spore/game@workspace:apps/game"],

    "@neon-spore/net": ["@neon-spore/net@workspace:packages/net"],

    "@neon-spore/orphans": ["@neon-spore/orphans@workspace:tools/orphans"],

    "@neon-spore/raster": ["@neon-spore/raster@workspace:tools/raster"],

    "@neon-spore/relay-check": ["@neon-spore/relay-check@workspace:tools/relay-check"],

    "@neon-spore/render": ["@neon-spore/render@workspace:packages/render"],

    "@neon-spore/server": ["@neon-spore/server@workspace:apps/server"],

    "@neon-spore/shape-sheet": ["@neon-spore/shape-sheet@workspace:tools/shape-sheet"],

    "@neon-spore/sim": ["@neon-spore/sim@workspace:packages/sim"],

    "@types/bun": ["@types/bun@1.4.0", "", { "dependencies": { "bun-types": "1.4.0" } }, "sha512-K+lZULY23vRgK/CfTjFIV+tyifaNdSMlPh9j+6mQ/cLfpOznLyAuzgV/JQysyECpkBQLVMSyvjlr2fBUSA9wFQ=="],

    "@types/node": ["@types/node@26.4.0", "", { "dependencies": { "undici-types": "~8.3.0" } }, "sha512-faiGnoIrLH/V8cibOMEAZ8pMw6oXqSukl29ra4mN8GdaB2ZewzeaLj+INpV5N+Z1eKWzY+IzaIZH2EIR6YZRNQ=="],

    "bun-types": ["bun-types@1.4.0", "", { "dependencies": { "@types/node": "*" } }, "sha512-iIKw23BspnQQYd3prITOBxeUsxBHnwzX6YJfGMuNOZzeNcMmVqzIIVGRm1l69ogaPQmb4wB6BN8mA5bE9YuC5Q=="],

    "playwright-core": ["playwright-core@1.62.1", "", { "bin": { "playwright-core": "cli.js" } }, "sha512-wPYSwEBJY9GHraISXqyqtx0na0LpO3XEX7jNDhntbex7tzUS7kLnZsOlFruFJB4Hi/rhDMjXGqHewDZ68nYZVw=="],

    "typescript": ["typescript@5.9.3", "", { "bin": { "tsc": "bin/tsc", "tsserver": "bin/tsserver" } }, "sha512-jl1vZzPDinLr9eUt3J/t7V6FgNEw9QjvBPdysz9KfQDD41fQrC2Y4vKQdiaUpFT4bXlb1RHhLpp8wtm6M5TgSw=="],

    "undici-types": ["undici-types@8.3.0", "", {}, "sha512-j375ScV60dom+YkPFIfTLcOiPxkN/buHz5GobjLhixFuANaNs3C9l4GmrWqejgXWJ7BbJcFYpTEUkS1Ge8bpZQ=="],
  }
}
